<?xml version="1.0" encoding="utf-8"?>
<Project ToolsVersion="4.0" xmlns="http://schemas.microsoft.com/developer/msbuild/2003">
  <ItemGroup>
    <Filter Include="Source Files">
      <UniqueIdentifier>{586a33dc-7514-465c-8562-aea8a7bf892d}</UniqueIdentifier>
      <Extensions>cpp;c;cxx;rc;def;r;odl;idl;hpj;bat</Extensions>
    </Filter>
    <Filter Include="Header Files">
      <UniqueIdentifier>{479bb364-8178-4ef8-853c-5249a5557615}</UniqueIdentifier>
      <Extensions>h;hpp;hxx;hm;inl</Extensions>
    </Filter>
    <Filter Include="Resource Files">
      <UniqueIdentifier>{7ebe67c8-718f-40e9-a959-1d59cb72c7ed}</UniqueIdentifier>
      <Extensions>ico;cur;bmp;dlg;rc2;rct;bin;rgs;gif;jpg;jpeg;jpe</Extensions>
    </Filter>
  </ItemGroup>
  <ItemGroup>
    <ClInclude Include="include\Agent.h">
      <Filter>Header Files</Filter>
    </ClInclude>
    <ClInclude Include="include\AgentCreator.h">
      <Filter>Header Files</Filter>
    </ClInclude>
    <ClInclude Include="include\Colline.h">
      <Filter>Header Files</Filter>
    </ClInclude>
    <ClInclude Include="include\dCollector.h">
      <Filter>Header Files</Filter>
    </ClInclude>
    <ClInclude Include="include\DecisionCategory.h">
      <Filter>Header Files</Filter>
    </ClInclude>
    <ClInclude Include="include\Effector.h">
      <Filter>Header Files</Filter>
    </ClInclude>
    <ClInclude Include="include\Environment.h">
      <Filter>Header Files</Filter>
    </ClInclude>
    <ClInclude Include="include\Fountain.h">
      <Filter>Header Files</Filter>
    </ClInclude>
    <ClInclude Include="include\Grid.h">
      <Filter>Header Files</Filter>
    </ClInclude>
    <ClInclude Include="include\GridCell.h">
      <Filter>Header Files</Filter>
    </ClInclude>
    <ClInclude Include="include\GridRow.h">
      <Filter>Header Files</Filter>
    </ClInclude>
    <ClInclude Include="include\IdStamp.h">
      <Filter>Header Files</Filter>
    </ClInclude>
    <ClInclude Include="include\Inpoder.h">
      <Filter>Header Files</Filter>
    </ClInclude>
    <ClInclude Include="include\Konst.h">
      <Filter>Header Files</Filter>
    </ClInclude>
    <ClInclude Include="include\Message.h">
      <Filter>Header Files</Filter>
    </ClInclude>
    <ClInclude Include="include\Observable.h">
      <Filter>Header Files</Filter>
    </ClInclude>
    <ClInclude Include="include\StatisticsHandler.h">
      <Filter>Header Files</Filter>
    </ClInclude>
    <ClInclude Include="include\StdAfx.h">
      <Filter>Header Files</Filter>
    </ClInclude>
    <ClInclude Include="include\SyncManager.h">
      <Filter>Header Files</Filter>
    </ClInclude>
    <ClInclude Include="include\UIntGrid.h">
      <Filter>Header Files</Filter>
    </ClInclude>
    <ClInclude Include="include\WndColline.h">
      <Filter>Header Files</Filter>
    </ClInclude>
    <ClInclude Include="include\WndCollineText.h">
      <Filter>Header Files</Filter>
    </ClInclude>
  </ItemGroup>
  <ItemGroup>
    <ClCompile Include="src\Agent.cpp">
      <Filter>Source Files</Filter>
    </ClCompile>
    <ClCompile Include="src\AgentCreator.cpp">
      <Filter>Source Files</Filter>
    </ClCompile>
    <ClCompile Include="src\Colline.cpp">
      <Filter>Source Files</Filter>
    </ClCompile>
    <ClCompile Include="src\dCollector.cpp">
      <Filter>Source Files</Filter>
    </ClCompile>
    <ClCompile Include="src\DecisionCategory.cpp">
      <Filter>Source Files</Filter>
    </ClCompile>
    <ClCompile Include="src\Effector.cpp">
      <Filter>Source Files</Filter>
    </ClCompile>
    <ClCompile Include="src\Environment.cpp">
      <Filter>Source Files</Filter>
    </ClCompile>
    <ClCompile Include="src\Fountain.cpp">
      <Filter>Source Files</Filter>
    </ClCompile>
    <ClCompile Include="src\Grid.cpp">
      <Filter>Source Files</Filter>
    </ClCompile>
    <ClCompile Include="src\GridCell.cpp">
      <Filter>Source Files</Filter>
    </ClCompile>
    <ClCompile Include="src\GridRow.cpp">
      <Filter>Source Files</Filter>
    </ClCompile>
    <ClCompile Include="src\IdStamp.cpp">
      <Filter>Source Files</Filter>
    </ClCompile>
    <ClCompile Include="src\Inpoder.cpp">
      <Filter>Source Files</Filter>
    </ClCompile>
    <ClCompile Include="src\Message.cpp">
      <Filter>Source Files</Filter>
    </ClCompile>
    <ClCompile Include="src\Observable.cpp">
      <Filter>Source Files</Filter>
    </ClCompile>
    <ClCompile Include="src\StatisticsHandler.cpp">
      <Filter>Source Files</Filter>
    </ClCompile>
    <ClCompile Include="src\StdAfx.cpp">
      <Filter>Source Files</Filter>
    </ClCompile>
    <ClCompile Include="src\SyncManager.cpp">
      <Filter>Source Files</Filter>
    </ClCompile>
    <ClCompile Include="src\UIntGrid.cpp">
      <Filter>Source Files</Filter>
    </ClCompile>
    <ClCompile Include="src\WndColline.cpp">
      <Filter>Source Files</Filter>
    </ClCompile>
    <ClCompile Include="src\WndCollineText.cpp">
      <Filter>Source Files</Filter>
    </ClCompile>
  </ItemGroup>
  <ItemGroup>
    <ResourceCompile Include="Colline.rc">
      <Filter>Source Files</Filter>
    </ResourceCompile>
  </ItemGroup>
</Project>